
Microsoft Visual Studio Solution File, Format Version 12.00
# Visual Studio Version 17
VisualStudioVersion = 17.8.34511.84
MinimumVisualStudioVersion = 10.0.40219.1
Project("{FAE04EC0-301F-11D3-BF4B-00C04F79EFBC}") = "Sistema de Controle Acadêmico-TP7", "Sistema de Controle Acadêmico-TP7.csproj", "{1F44C2CF-3D32-4512-B160-C822872DB533}"
EndProject
Global
	GlobalSection(SolutionConfigurationPlatforms) = preSolution
		Debug|Any CPU = Debug|Any CPU
		Release|Any CPU = Release|Any CPU
	EndGlobalSection
	GlobalSection(ProjectConfigurationPlatforms) = postSolution
		{1F44C2CF-3D32-4512-B160-C822872DB533}.Debug|Any CPU.ActiveCfg = Debug|Any CPU
		{1F44C2CF-3D32-4512-B160-C822872DB533}.Debug|Any CPU.Build.0 = Debug|Any CPU
		{1F44C2CF-3D32-4512-B160-C822872DB533}.Release|Any CPU.ActiveCfg = Release|Any CPU
		{1F44C2CF-3D32-4512-B160-C822872DB533}.Release|Any CPU.Build.0 = Release|Any CPU
	EndGlobalSection
	GlobalSection(SolutionProperties) = preSolution
		HideSolutionNode = FALSE
	EndGlobalSection
	GlobalSection(ExtensibilityGlobals) = postSolution
		SolutionGuid = {DA63844C-DC8E-4170-B9E1-9D27AC4B3FD1}
	EndGlobalSection
EndGlobal
